// !$*UTF8*$!
{
	archiveVersion = 1;
	classes = {
	};
	objectVersion = 46;
	objects = {

/* Begin PBXBuildFile section */
		DEC1E1B01CF5D56600667501 /* AppDelegate.swift in Sources */ = {isa = PBXBuildFile; fileRef = DEC1E1AF1CF5D56600667501 /* AppDelegate.swift */; };
		DEC1E1B21CF5D56600667501 /* ViewController.swift in Sources */ = {isa = PBXBuildFile; fileRef = DEC1E1B11CF5D56600667501 /* ViewController.swift */; };
		DEC1E1B51CF5D56600667501 /* Main.storyboard in Resources */ = {isa = PBXBuildFile; fileRef = DEC1E1B31CF5D56600667501 /* Main.storyboard */; };
		DEC1E1B71CF5D56600667501 /* Assets.xcassets in Resources */ = {isa = PBXBuildFile; fileRef = DEC1E1B61CF5D56600667501 /* Assets.xcassets */; };
		DEC1E1BA1CF5D56600667501 /* LaunchScreen.storyboard in Resources */ = {isa = PBXBuildFile; fileRef = DEC1E1B81CF5D56600667501 /* LaunchScreen.storyboard */; };
/* End PBXBuildFile section */

/* Begin PBXFileReference section */
		DEC1E1AC1CF5D56600667501 /* BMI-Calculator.app */ = {isa = PBXFileReference; explicitFileType = wrapper.application; includeInIndex = 0; path = "BMI-Calculator.app"; sourceTree = BUILT_PRODUCTS_DIR; };
		DEC1E1AF1CF5D56600667501 /* AppDelegate.swift */ = {isa = PBXFileReference; lastKnownFileType = sourcecode.swift; path = AppDelegate.swift; sourceTree = "<group>"; };
		DEC1E1B11CF5D56600667501 /* ViewController.swift */ = {isa = PBXFileReference; lastKnownFileType = sourcecode.swift; path = ViewController.swift; sourceTree = "<group>"; };
		DEC1E1B41CF5D56600667501 /* Base */ = {isa = PBXFileReference; lastKnownFileType = file.storyboard; name = Base; path = Base.lproj/Main.storyboard; sourceTree = "<group>"; };
		DEC1E1B61CF5D56600667501 /* Assets.xcassets */ = {isa = PBXFileReference; lastKnownFileType = folder.assetcatalog; path = Assets.xcassets; sourceTree = "<group>"; };
		DEC1E1B91CF5D56600667501 /* Base */ = {isa = PBXFileReference; lastKnownFileType = file.storyboard; name = Base; path = Base.lproj/LaunchScreen.storyboard; sourceTree = "<group>"; };
		DEC1E1BB1CF5D56600667501 /* Info.plist */ = {isa = PBXFileReference; lastKnownFileType = text.plist.xml; path = Info.plist; sourceTree = "<group>"; };
/* End PBXFileReference section */

/* Begin PBXFrameworksBuildPhase section */
		DEC1E1A91CF5D56600667501 /* Frameworks */ = {
			isa = PBXFrameworksBuildPhase;
			buildActionMask = 2147483647;
			files = (
			);
			runOnlyForDeploymentPostprocessing = 0;
		};
/* End PBXFrameworksBuildPhase section */

/* Begin PBXGroup section */
		DEC1E1A31CF5D56600667501 = {
			isa = PBXGroup;
			children = (
				DEC1E1AE1CF5D56600667501 /* BMI-Calculator */,
				DEC1E1AD1CF5D56600667501 /* Products */,
			);
			sourceTree = "<group>";
		};
		DEC1E1AD1CF5D56600667501 /* Products */ = {
			isa = PBXGroup;
			children = (
				DEC1E1AC1CF5D56600667501 /* BMI-Calculator.app */,
			);
			name = Products;
			sourceTree = "<group>";
		};
		DEC1E1AE1CF5D56600667501 /* BMI-Calculator */ = {
			isa = PBXGroup;
			children = (
				DEC1E1AF1CF5D56600667501 /* AppDelegate.swift */,
				DEC1E1B11CF5D56600667501 /* ViewController.swift */,
				DEC1E1B31CF5D56600667501 /* Main.storyboard */,
				DEC1E1B61CF5D56600667501 /* Assets.xcassets */,
				DEC1E1B81CF5D56600667501 /* LaunchScreen.storyboard */,
				DEC1E1BB1CF5D56600667501 /* Info.plist */,
			);
			path = "BMI-Calculator";
			sourceTree = "<group>";
		};
/* End PBXGroup section */

/* Begin PBXNativeTarget section */
		DEC1E1AB1CF5D56600667501 /* BMI-Calculator */ = {
			isa = PBXNativeTarget;
			buildConfigurationList = DEC1E1BE1CF5D56600667501 /* Build configuration list for PBXNativeTarget "BMI-Calculator" */;
			buildPhases = (
				DEC1E1A81CF5D56600667501 /* Sources */,
				DEC1E1A91CF5D56600667501 /* Frameworks */,
				DEC1E1AA1CF5D56600667501 /* Resources */,
			);
			buildRules = (
			);
			dependencies = (
			);
			name = "BMI-Calculator";
			productName = "BMI-Calculator";
			productReference = DEC1E1AC1CF5D56600667501 /* BMI-Calculator.app */;
			productType = "com.apple.product-type.application";
		};
/* End PBXNativeTarget section */

/* Begin PBXProject section */
		DEC1E1A41CF5D56600667501 /* Project object */ = {
			isa = PBXProject;
			attributes = {
				LastSwiftUpdateCheck = 0730;
				LastUpgradeCheck = 0730;
				ORGANIZATIONNAME = "Fröhling";
				TargetAttributes = {
					DEC1E1AB1CF5D56600667501 = {
						CreatedOnToolsVersion = 7.3.1;
					};
				};
			};
			buildConfigurationList = DEC1E1A71CF5D56600667501 /* Build configuration list for PBXProject "BMI-Calculator" */;
			compatibilityVersion = "Xcode 3.2";
			developmentRegion = English;
			hasScannedForEncodings = 0;
			knownRegions = (
				en,
				Base,
			);
			mainGroup = DEC1E1A31CF5D56600667501;
			productRefGroup = DEC1E1AD1CF5D56600667501 /* Products */;
			projectDirPath = "";
			projectRoot = "";
			targets = (
				DEC1E1AB1CF5D56600667501 /* BMI-Calculator */,
			);
		};
/* End PBXProject section */

/* Begin PBXResourcesBuildPhase section */
		DEC1E1AA1CF5D56600667501 /* Resources */ = {
			isa = PBXResourcesBuildPhase;
			buildActionMask = 2147483647;
			files = (
				DEC1E1BA1CF5D56600667501 /* LaunchScreen.storyboard in Resources */,
				DEC1E1B71CF5D56600667501 /* Assets.xcassets in Resources */,
				DEC1E1B51CF5D56600667501 /* Main.storyboard in Resources */,
			);
			runOnlyForDeploymentPostprocessing = 0;
		};
/* End PBXResourcesBuildPhase section */

/* Begin PBXSourcesBuildPhase section */
		DEC1E1A81CF5D56600667501 /* Sources */ = {
			isa = PBXSourcesBuildPhase;
			buildActionMask = 2147483647;
			files = (
				DEC1E1B21CF5D56600667501 /* ViewController.swift in Sources */,
				DEC1E1B01CF5D56600667501 /* AppDelegate.swift in Sources */,
			);
			runOnlyForDeploymentPostprocessing = 0;
		};
/* End PBXSourcesBuildPhase section */

/* Begin PBXVariantGroup section */
		DEC1E1B31CF5D56600667501 /* Main.storyboard */ = {
			isa = PBXVariantGroup;
			children = (
				DEC1E1B41CF5D56600667501 /* Base */,
			);
			name = Main.storyboard;
			sourceTree = "<group>";
		};
		DEC1E1B81CF5D56600667501 /* LaunchScreen.storyboard */ = {
			isa = PBXVariantGroup;
			children = (
				DEC1E1B91CF5D56600667501 /* Base */,
			);
			name = LaunchScreen.storyboard;
			sourceTree = "<group>";
		};
/* End PBXVariantGroup section */

/* Begin XCBuildConfiguration section */
		DEC1E1BC1CF5D56600667501 /* Debug */ = {
			isa = XCBuildConfiguration;
			buildSettings = {
				ALWAYS_SEARCH_USER_PATHS = NO;
				CLANG_ANALYZER_NONNULL = YES;
				CLANG_CXX_LANGUAGE_STANDARD = "gnu++0x";
				CLANG_CXX_LIBRARY = "libc++";
				CLANG_ENABLE_MODULES = YES;
				CLANG_ENABLE_OBJC_ARC = YES;
				CLANG_WARN_BOOL_CONVERSION = YES;
				CLANG_WARN_CONSTANT_CONVERSION = YES;
				CLANG_WARN_DIRECT_OBJC_ISA_USAGE = YES_ERROR;
				CLANG_WARN_EMPTY_BODY = YES;
				CLANG_WARN_ENUM_CONVERSION = YES;
				CLANG_WARN_INT_CONVERSION = YES;
				CLANG_WARN_OBJC_ROOT_CLASS = YES_ERROR;
				CLANG_WARN_UNREACHABLE_CODE = YES;
				CLANG_WARN__DUPLICATE_METHOD_MATCH = YES;
				"CODE_SIGN_IDENTITY[sdk=iphoneos*]" = "iPhone Developer";
				COPY_PHASE_STRIP = NO;
				DEBUG_INFORMATION_FORMAT = dwarf;
				ENABLE_STRICT_OBJC_MSGSEND = YES;
				ENABLE_TESTABILITY = YES;
				GCC_C_LANGUAGE_STANDARD = gnu99;
				GCC_DYNAMIC_NO_PIC = NO;
				GCC_NO_COMMON_BLOCKS = YES;
				GCC_OPTIMIZATION_LEVEL = 0;
				GCC_PREPROCESSOR_DEFINITIONS = (
					"DEBUG=1",
					"$(inherited)",
				);
				GCC_WARN_64_TO_32_BIT_CONVERSION = YES;
				GCC_WARN_ABOUT_RETURN_TYPE = YES_ERROR;
				GCC_WARN_UNDECLARED_SELECTOR = YES;
				GCC_WARN_UNINITIALIZED_AUTOS = YES_AGGRESSIVE;
				GCC_WARN_UNUSED_FUNCTION = YES;
				GCC_WARN_UNUSED_VARIABLE = YES;
				IPHONEOS_DEPLOYMENT_TARGET = 9.3;
				MTL_ENABLE_DEBUG_INFO = YES;
				ONLY_ACTIVE_ARCH = YES;
				SDKROOT = iphoneos;
				SWIFT_OPTIMIZATION_LEVEL = "-Onone";
				TARGETED_DEVICE_FAMILY = "1,2";
			};
			name = Debug;
		};
		DEC1E1BD1CF5D56600667501 /* Release */ = {
			isa = XCBuildConfiguration;
			buildSettings = {
				ALWAYS_SEARCH_USER_PATHS = NO;
				CLANG_ANALYZER_NONNULL = YES;
				CLANG_CXX_LANGUAGE_STANDARD = "gnu++0x";
				CLANG_CXX_LIBRARY = "libc++";
				CLANG_ENABLE_MODULES = YES;
				CLANG_ENABLE_OBJC_ARC = YES;
				CLANG_WARN_BOOL_CONVERSION = YES;
				CLANG_WARN_CONSTANT_CONVERSION = YES;
				CLANG_WARN_DIRECT_OBJC_ISA_USAGE = YES_ERROR;
				CLANG_WARN_EMPTY_BODY = YES;
				CLANG_WARN_ENUM_CONVERSION = YES;
				CLANG_WARN_INT_CONVERSION = YES;
				CLANG_WARN_OBJC_ROOT_CLASS = YES_ERROR;
				CLANG_WARN_UNREACHABLE_CODE = YES;
				CLANG_WARN__DUPLICATE_METHOD_MATCH = YES;
				"CODE_SIGN_IDENTITY[sdk=iphoneos*]" = "iPhone Developer";
				COPY_PHASE_STRIP = NO;
				DEBUG_INFORMATION_FORMAT = "dwarf-with-dsym";
				ENABLE_NS_ASSERTIONS = NO;
				ENABLE_STRICT_OBJC_MSGSEND = YES;
				GCC_C_LANGUAGE_STANDARD = gnu99;
				GCC_NO_COMMON_BLOCKS = YES;
				GCC_WARN_64_TO_32_BIT_CONVERSION = YES;
				GCC_WARN_ABOUT_RETURN_TYPE = YES_ERROR;
				GCC_WARN_UNDECLARED_SELECTOR = YES;
				GCC_WARN_UNINITIALIZED_AUTOS = YES_AGGRESSIVE;
				GCC_WARN_UNUSED_FUNCTION = YES;
				GCC_WARN_UNUSED_VARIABLE = YES;
				IPHONEOS_DEPLOYMENT_TARGET = 9.3;
				MTL_ENABLE_DEBUG_INFO = NO;
				SDKROOT = iphoneos;
				TARGETED_DEVICE_FAMILY = "1,2";
				VALIDATE_PRODUCT = YES;
			};
			name = Release;
		};
		DEC1E1BF1CF5D56600667501 /* Debug */ = {
			isa = XCBuildConfiguration;
			buildSettings = {
				ASSETCATALOG_COMPILER_APPICON_NAME = AppIcon;
				INFOPLIST_FILE = "BMI-Calculator/Info.plist";
				LD_RUNPATH_SEARCH_PATHS = "$(inherited) @executable_path/Frameworks";
				PRODUCT_BUNDLE_IDENTIFIER = "fi.frohling.BMI-Calculator";
				PRODUCT_NAME = "$(TARGET_NAME)";
			};
			name = Debug;
		};
		DEC1E1C01CF5D56600667501 /* Release */ = {
			isa = XCBuildConfiguration;
			buildSettings = {
				ASSETCATALOG_COMPILER_APPICON_NAME = AppIcon;
				INFOPLIST_FILE = "BMI-Calculator/Info.plist";
				LD_RUNPATH_SEARCH_PATHS = "$(inherited) @executable_path/Frameworks";
				PRODUCT_BUNDLE_IDENTIFIER = "fi.frohling.BMI-Calculator";
				PRODUCT_NAME = "$(TARGET_NAME)";
			};
			name = Release;
		};
/* End XCBuildConfiguration section */

/* Begin XCConfigurationList section */
		DEC1E1A71CF5D56600667501 /* Build configuration list for PBXProject "BMI-Calculator" */ = {
			isa = XCConfigurationList;
			buildConfigurations = (
				DEC1E1BC1CF5D56600667501 /* Debug */,
				DEC1E1BD1CF5D56600667501 /* Release */,
			);
			defaultConfigurationIsVisible = 0;
			defaultConfigurationName = Release;
		};
		DEC1E1BE1CF5D56600667501 /* Build configuration list for PBXNativeTarget "BMI-Calculator" */ = {
			isa = XCConfigurationList;
			buildConfigurations = (
				DEC1E1BF1CF5D56600667501 /* Debug */,
				DEC1E1C01CF5D56600667501 /* Release */,
			);
			defaultConfigurationIsVisible = 0;
		};
/* End XCConfigurationList section */
	};
	rootObject = DEC1E1A41CF5D56600667501 /* Project object */;
}
